
Microsoft Visual Studio Solution File, Format Version 12.00
# Visual Studio 15
Project("{FAE04EC0-301F-11D3-BF4B-00C04F79EFBC}") = "Assembly-CSharp", "Assembly-CSharp.csproj", "{C713F211-22FD-1141-A5CC-089DF21A3B7A}"
EndProject
Project("{FAE04EC0-301F-11D3-BF4B-00C04F79EFBC}") = "Oculus.VR", "Oculus.VR.csproj", "{451DF729-8D93-CE09-80D6-00A4F0E80DB9}"
EndProject
Project("{FAE04EC0-301F-11D3-BF4B-00C04F79EFBC}") = "Assembly-CSharp-Editor", "Assembly-CSharp-Editor.csproj", "{E02E3402-70B5-CDAC-54BC-E737032DDF67}"
EndProject
Project("{FAE04EC0-301F-11D3-BF4B-00C04F79EFBC}") = "Oculus.VR.Scripts.Editor", "Oculus.VR.Scripts.Editor.csproj", "{B3DEAB33-B533-2192-7794-31793D57E6B2}"
EndProject
Project("{FAE04EC0-301F-11D3-BF4B-00C04F79EFBC}") = "Oculus.VR.Editor", "Oculus.VR.Editor.csproj", "{5E75BA7D-9600-0657-EEEF-CE58EFA3705E}"
EndProject
Global
	GlobalSection(SolutionConfigurationPlatforms) = preSolution
		Debug|Any CPU = Debug|Any CPU
		Release|Any CPU = Release|Any CPU
	EndGlobalSection
	GlobalSection(ProjectConfigurationPlatforms) = postSolution
		{C713F211-22FD-1141-A5CC-089DF21A3B7A}.Debug|Any CPU.ActiveCfg = Debug|Any CPU
		{C713F211-22FD-1141-A5CC-089DF21A3B7A}.Debug|Any CPU.Build.0 = Debug|Any CPU
		{C713F211-22FD-1141-A5CC-089DF21A3B7A}.Release|Any CPU.ActiveCfg = Release|Any CPU
		{C713F211-22FD-1141-A5CC-089DF21A3B7A}.Release|Any CPU.Build.0 = Release|Any CPU
		{451DF729-8D93-CE09-80D6-00A4F0E80DB9}.Debug|Any CPU.ActiveCfg = Debug|Any CPU
		{451DF729-8D93-CE09-80D6-00A4F0E80DB9}.Debug|Any CPU.Build.0 = Debug|Any CPU
		{451DF729-8D93-CE09-80D6-00A4F0E80DB9}.Release|Any CPU.ActiveCfg = Release|Any CPU
		{451DF729-8D93-CE09-80D6-00A4F0E80DB9}.Release|Any CPU.Build.0 = Release|Any CPU
		{E02E3402-70B5-CDAC-54BC-E737032DDF67}.Debug|Any CPU.ActiveCfg = Debug|Any CPU
		{E02E3402-70B5-CDAC-54BC-E737032DDF67}.Debug|Any CPU.Build.0 = Debug|Any CPU
		{E02E3402-70B5-CDAC-54BC-E737032DDF67}.Release|Any CPU.ActiveCfg = Release|Any CPU
		{E02E3402-70B5-CDAC-54BC-E737032DDF67}.Release|Any CPU.Build.0 = Release|Any CPU
		{B3DEAB33-B533-2192-7794-31793D57E6B2}.Debug|Any CPU.ActiveCfg = Debug|Any CPU
		{B3DEAB33-B533-2192-7794-31793D57E6B2}.Debug|Any CPU.Build.0 = Debug|Any CPU
		{B3DEAB33-B533-2192-7794-31793D57E6B2}.Release|Any CPU.ActiveCfg = Release|Any CPU
		{B3DEAB33-B533-2192-7794-31793D57E6B2}.Release|Any CPU.Build.0 = Release|Any CPU
		{5E75BA7D-9600-0657-EEEF-CE58EFA3705E}.Debug|Any CPU.ActiveCfg = Debug|Any CPU
		{5E75BA7D-9600-0657-EEEF-CE58EFA3705E}.Debug|Any CPU.Build.0 = Debug|Any CPU
		{5E75BA7D-9600-0657-EEEF-CE58EFA3705E}.Release|Any CPU.ActiveCfg = Release|Any CPU
		{5E75BA7D-9600-0657-EEEF-CE58EFA3705E}.Release|Any CPU.Build.0 = Release|Any CPU
	EndGlobalSection
	GlobalSection(SolutionProperties) = preSolution
		HideSolutionNode = FALSE
	EndGlobalSection
EndGlobal
