
Microsoft Visual Studio Solution File, Format Version 12.00
# Visual Studio 15
Project("{FAE04EC0-301F-11D3-BF4B-00C04F79EFBC}") = "Assembly-CSharp", "Assembly-CSharp.csproj", "{422E9A94-27B4-2235-BBBE-233712C99E15}"
EndProject
Project("{FAE04EC0-301F-11D3-BF4B-00C04F79EFBC}") = "Oculus.VR", "Oculus.VR.csproj", "{4EACDDD6-F593-E930-2C14-389EF8055078}"
EndProject
Project("{FAE04EC0-301F-11D3-BF4B-00C04F79EFBC}") = "Assembly-CSharp-Editor", "Assembly-CSharp-Editor.csproj", "{A32F4907-2803-357D-2DC2-52BE16B82FEA}"
EndProject
Project("{FAE04EC0-301F-11D3-BF4B-00C04F79EFBC}") = "Oculus.VR.Scripts.Editor", "Oculus.VR.Scripts.Editor.csproj", "{ED746091-0FC5-D5B4-B191-C74384DBB827}"
EndProject
Project("{FAE04EC0-301F-11D3-BF4B-00C04F79EFBC}") = "Oculus.VR.Editor", "Oculus.VR.Editor.csproj", "{13C9B72B-E2D2-637C-7101-00E7213AD5AD}"
EndProject
Global
	GlobalSection(SolutionConfigurationPlatforms) = preSolution
		Debug|Any CPU = Debug|Any CPU
		Release|Any CPU = Release|Any CPU
	EndGlobalSection
	GlobalSection(ProjectConfigurationPlatforms) = postSolution
		{422E9A94-27B4-2235-BBBE-233712C99E15}.Debug|Any CPU.ActiveCfg = Debug|Any CPU
		{422E9A94-27B4-2235-BBBE-233712C99E15}.Debug|Any CPU.Build.0 = Debug|Any CPU
		{422E9A94-27B4-2235-BBBE-233712C99E15}.Release|Any CPU.ActiveCfg = Release|Any CPU
		{422E9A94-27B4-2235-BBBE-233712C99E15}.Release|Any CPU.Build.0 = Release|Any CPU
		{4EACDDD6-F593-E930-2C14-389EF8055078}.Debug|Any CPU.ActiveCfg = Debug|Any CPU
		{4EACDDD6-F593-E930-2C14-389EF8055078}.Debug|Any CPU.Build.0 = Debug|Any CPU
		{4EACDDD6-F593-E930-2C14-389EF8055078}.Release|Any CPU.ActiveCfg = Release|Any CPU
		{4EACDDD6-F593-E930-2C14-389EF8055078}.Release|Any CPU.Build.0 = Release|Any CPU
		{A32F4907-2803-357D-2DC2-52BE16B82FEA}.Debug|Any CPU.ActiveCfg = Debug|Any CPU
		{A32F4907-2803-357D-2DC2-52BE16B82FEA}.Debug|Any CPU.Build.0 = Debug|Any CPU
		{A32F4907-2803-357D-2DC2-52BE16B82FEA}.Release|Any CPU.ActiveCfg = Release|Any CPU
		{A32F4907-2803-357D-2DC2-52BE16B82FEA}.Release|Any CPU.Build.0 = Release|Any CPU
		{ED746091-0FC5-D5B4-B191-C74384DBB827}.Debug|Any CPU.ActiveCfg = Debug|Any CPU
		{ED746091-0FC5-D5B4-B191-C74384DBB827}.Debug|Any CPU.Build.0 = Debug|Any CPU
		{ED746091-0FC5-D5B4-B191-C74384DBB827}.Release|Any CPU.ActiveCfg = Release|Any CPU
		{ED746091-0FC5-D5B4-B191-C74384DBB827}.Release|Any CPU.Build.0 = Release|Any CPU
		{13C9B72B-E2D2-637C-7101-00E7213AD5AD}.Debug|Any CPU.ActiveCfg = Debug|Any CPU
		{13C9B72B-E2D2-637C-7101-00E7213AD5AD}.Debug|Any CPU.Build.0 = Debug|Any CPU
		{13C9B72B-E2D2-637C-7101-00E7213AD5AD}.Release|Any CPU.ActiveCfg = Release|Any CPU
		{13C9B72B-E2D2-637C-7101-00E7213AD5AD}.Release|Any CPU.Build.0 = Release|Any CPU
	EndGlobalSection
	GlobalSection(SolutionProperties) = preSolution
		HideSolutionNode = FALSE
	EndGlobalSection
EndGlobal
