
Microsoft Visual Studio Solution File, Format Version 12.00
# Visual Studio 15
Project("{FAE04EC0-301F-11D3-BF4B-00C04F79EFBC}") = "Assembly-CSharp", "Assembly-CSharp.csproj", "{00BC79B6-2763-6EFE-F03B-4933054EE80E}"
EndProject
Project("{FAE04EC0-301F-11D3-BF4B-00C04F79EFBC}") = "Oculus.VR", "Oculus.VR.csproj", "{C5F600BC-CF13-8499-1B7E-24CA8B231453}"
EndProject
Project("{FAE04EC0-301F-11D3-BF4B-00C04F79EFBC}") = "Assembly-CSharp-Editor", "Assembly-CSharp-Editor.csproj", "{B94E4226-0EE5-478A-3ADF-2C99411E98F7}"
EndProject
Project("{FAE04EC0-301F-11D3-BF4B-00C04F79EFBC}") = "Oculus.VR.Scripts.Editor", "Oculus.VR.Scripts.Editor.csproj", "{DA822BEF-6053-C11D-CA17-E60E8D2BE8EE}"
EndProject
Project("{FAE04EC0-301F-11D3-BF4B-00C04F79EFBC}") = "Oculus.VR.Editor", "Oculus.VR.Editor.csproj", "{6A20ABD3-2271-984E-AAE2-9F5C6A89EDCE}"
EndProject
Global
	GlobalSection(SolutionConfigurationPlatforms) = preSolution
		Debug|Any CPU = Debug|Any CPU
		Release|Any CPU = Release|Any CPU
	EndGlobalSection
	GlobalSection(ProjectConfigurationPlatforms) = postSolution
		{00BC79B6-2763-6EFE-F03B-4933054EE80E}.Debug|Any CPU.ActiveCfg = Debug|Any CPU
		{00BC79B6-2763-6EFE-F03B-4933054EE80E}.Debug|Any CPU.Build.0 = Debug|Any CPU
		{00BC79B6-2763-6EFE-F03B-4933054EE80E}.Release|Any CPU.ActiveCfg = Release|Any CPU
		{00BC79B6-2763-6EFE-F03B-4933054EE80E}.Release|Any CPU.Build.0 = Release|Any CPU
		{C5F600BC-CF13-8499-1B7E-24CA8B231453}.Debug|Any CPU.ActiveCfg = Debug|Any CPU
		{C5F600BC-CF13-8499-1B7E-24CA8B231453}.Debug|Any CPU.Build.0 = Debug|Any CPU
		{C5F600BC-CF13-8499-1B7E-24CA8B231453}.Release|Any CPU.ActiveCfg = Release|Any CPU
		{C5F600BC-CF13-8499-1B7E-24CA8B231453}.Release|Any CPU.Build.0 = Release|Any CPU
		{B94E4226-0EE5-478A-3ADF-2C99411E98F7}.Debug|Any CPU.ActiveCfg = Debug|Any CPU
		{B94E4226-0EE5-478A-3ADF-2C99411E98F7}.Debug|Any CPU.Build.0 = Debug|Any CPU
		{B94E4226-0EE5-478A-3ADF-2C99411E98F7}.Release|Any CPU.ActiveCfg = Release|Any CPU
		{B94E4226-0EE5-478A-3ADF-2C99411E98F7}.Release|Any CPU.Build.0 = Release|Any CPU
		{DA822BEF-6053-C11D-CA17-E60E8D2BE8EE}.Debug|Any CPU.ActiveCfg = Debug|Any CPU
		{DA822BEF-6053-C11D-CA17-E60E8D2BE8EE}.Debug|Any CPU.Build.0 = Debug|Any CPU
		{DA822BEF-6053-C11D-CA17-E60E8D2BE8EE}.Release|Any CPU.ActiveCfg = Release|Any CPU
		{DA822BEF-6053-C11D-CA17-E60E8D2BE8EE}.Release|Any CPU.Build.0 = Release|Any CPU
		{6A20ABD3-2271-984E-AAE2-9F5C6A89EDCE}.Debug|Any CPU.ActiveCfg = Debug|Any CPU
		{6A20ABD3-2271-984E-AAE2-9F5C6A89EDCE}.Debug|Any CPU.Build.0 = Debug|Any CPU
		{6A20ABD3-2271-984E-AAE2-9F5C6A89EDCE}.Release|Any CPU.ActiveCfg = Release|Any CPU
		{6A20ABD3-2271-984E-AAE2-9F5C6A89EDCE}.Release|Any CPU.Build.0 = Release|Any CPU
	EndGlobalSection
	GlobalSection(SolutionProperties) = preSolution
		HideSolutionNode = FALSE
	EndGlobalSection
EndGlobal
